PODS:
  - CryptoSwift (0.15.0)
  - Flutter (1.0.0)
  - pusher_websocket_flutter (0.1.1):
    - Flutter
    - PusherSwift (= 7.0.0)
  - PusherSwift (7.0.0):
    - CryptoSwift (~> 0.9)
    - ReachabilitySwift (= 4.3.0)
    - Starscream (~> 3.0.5)
  - ReachabilitySwift (4.3.0)
  - Starscream (3.0.6)

DEPENDENCIES:
  - Flutter (from `Flutter`)
  - pusher_websocket_flutter (from `.symlinks/plugins/pusher_websocket_flutter/ios`)

SPEC REPOS:
  trunk:
    - CryptoSwift
    - PusherSwift
    - ReachabilitySwift
    - Starscream

EXTERNAL SOURCES:
  Flutter:
    :path: Flutter
  pusher_websocket_flutter:
    :path: ".symlinks/plugins/pusher_websocket_flutter/ios"

SPEC CHECKSUMS:
  CryptoSwift: 769f58a9e89f64e8796c2e59ce5f002dc81a2438
  Flutter: 0e3d915762c693b495b44d77113d4970485de6ec
  pusher_websocket_flutter: ff9a11e48f24d2297bf0d143c99119106cd2d81b
  PusherSwift: d15d6290be0b0b57fd9ac80b03661a6ba24623ec
  ReachabilitySwift: 408477d1b6ed9779dba301953171e017c31241f3
  Starscream: ef3ece99d765eeccb67de105bfa143f929026cf5

PODFILE CHECKSUM: aafe91acc616949ddb318b77800a7f51bffa2a4c

COCOAPODS: 1.10.0
